
Microsoft Visual Studio Solution File, Format Version 12.00
# Visual Studio Version 17
VisualStudioVersion = 17.14.36221.1 d17.14
MinimumVisualStudioVersion = 10.0.40219.1
Project("{FAE04EC0-301F-11D3-BF4B-00C04F79EFBC}") = "main", "main\main.csproj", "{735A0822-EBA5-4646-9485-4E78E7BB0999}"
EndProject
Global
	GlobalSection(SolutionConfigurationPlatforms) = preSolution
		Debug|Any CPU = Debug|Any CPU
		Release|Any CPU = Release|Any CPU
	EndGlobalSection
	GlobalSection(ProjectConfigurationPlatforms) = postSolution
		{735A0822-EBA5-4646-9485-4E78E7BB0999}.Debug|Any CPU.ActiveCfg = Debug|Any CPU
		{735A0822-EBA5-4646-9485-4E78E7BB0999}.Debug|Any CPU.Build.0 = Debug|Any CPU
		{735A0822-EBA5-4646-9485-4E78E7BB0999}.Release|Any CPU.ActiveCfg = Release|Any CPU
		{735A0822-EBA5-4646-9485-4E78E7BB0999}.Release|Any CPU.Build.0 = Release|Any CPU
	EndGlobalSection
	GlobalSection(SolutionProperties) = preSolution
		HideSolutionNode = FALSE
	EndGlobalSection
	GlobalSection(ExtensibilityGlobals) = postSolution
		SolutionGuid = {C6F21B5E-1C48-41FA-887E-AF0313FCF6AF}
	EndGlobalSection
EndGlobal
